
Microsoft Visual Studio Solution File, Format Version 12.00
# Visual Studio Version 17
VisualStudioVersion = 17.10.35027.167
MinimumVisualStudioVersion = 10.0.40219.1
Project("{9A19103F-16F7-4668-BE54-9A1E7A4F7556}") = "TaskManager", "TaskManager\TaskManager.csproj", "{6B2649CF-0801-4007-BD4F-6040B435319C}"
EndProject
Global
	GlobalSection(SolutionConfigurationPlatforms) = preSolution
		Debug|Any CPU = Debug|Any CPU
		Release|Any CPU = Release|Any CPU
	EndGlobalSection
	GlobalSection(ProjectConfigurationPlatforms) = postSolution
		{6B2649CF-0801-4007-BD4F-6040B435319C}.Debug|Any CPU.ActiveCfg = Debug|Any CPU
		{6B2649CF-0801-4007-BD4F-6040B435319C}.Debug|Any CPU.Build.0 = Debug|Any CPU
		{6B2649CF-0801-4007-BD4F-6040B435319C}.Release|Any CPU.ActiveCfg = Release|Any CPU
		{6B2649CF-0801-4007-BD4F-6040B435319C}.Release|Any CPU.Build.0 = Release|Any CPU
	EndGlobalSection
	GlobalSection(SolutionProperties) = preSolution
		HideSolutionNode = FALSE
	EndGlobalSection
	GlobalSection(ExtensibilityGlobals) = postSolution
		SolutionGuid = {FB54788C-82F5-42BA-9E8A-504765835CE1}
	EndGlobalSection
EndGlobal
